
Microsoft Visual Studio Solution File, Format Version 12.00
# Visual Studio Version 16
VisualStudioVersion = 16.0.28803.352
MinimumVisualStudioVersion = 10.0.40219.1
Project("{FAE04EC0-301F-11D3-BF4B-00C04F79EFBC}") = "BookReviewsAPI", "BookReviewsAPI\BookReviewsAPI.csproj", "{F7E77924-3CD7-47A6-9F87-4736F8B74826}"
EndProject
Global
	GlobalSection(SolutionConfigurationPlatforms) = preSolution
		Debug|Any CPU = Debug|Any CPU
		Release|Any CPU = Release|Any CPU
	EndGlobalSection
	GlobalSection(ProjectConfigurationPlatforms) = postSolution
		{F7E77924-3CD7-47A6-9F87-4736F8B74826}.Debug|Any CPU.ActiveCfg = Debug|Any CPU
		{F7E77924-3CD7-47A6-9F87-4736F8B74826}.Debug|Any CPU.Build.0 = Debug|Any CPU
		{F7E77924-3CD7-47A6-9F87-4736F8B74826}.Release|Any CPU.ActiveCfg = Release|Any CPU
		{F7E77924-3CD7-47A6-9F87-4736F8B74826}.Release|Any CPU.Build.0 = Release|Any CPU
	EndGlobalSection
	GlobalSection(SolutionProperties) = preSolution
		HideSolutionNode = FALSE
	EndGlobalSection
	GlobalSection(ExtensibilityGlobals) = postSolution
		SolutionGuid = {F59EA64C-5455-49D4-967F-78712009F25A}
	EndGlobalSection
EndGlobal
